# THIS IS AN AUTOGENERATED FILE. DO NOT EDIT THIS FILE DIRECTLY.
# yarn lockfile v1


ansicolor@^1.1.84, ansicolor@^1.1.93:
  version "1.1.93"
  resolved "https://registry.yarnpkg.com/ansicolor/-/ansicolor-1.1.93.tgz#85f0d0925d84fa4aa1b3369b75a1376902416fec"
  integrity sha512-4dhht0A3T3i+wshSm1kUnJySJnMfaV9Y4O27PcIVQkQR73ska32ddhxxJBIgs+ghvDOs5wpLthiA88VM9SyzPw==

as-table@^1.0.36, as-table@^1.0.55:
  version "1.0.55"
  resolved "https://registry.yarnpkg.com/as-table/-/as-table-1.0.55.tgz#dc984da3937745de902cea1d45843c01bdbbec4f"
  integrity sha512-xvsWESUJn0JN421Xb9MQw6AsMHRCUknCe0Wjlxvjud80mU4E6hQf1A6NzQKcYNmYw62MfzEtXc+badstZP3JpQ==
  dependencies:
    printable-characters "^1.0.42"

ccxt@^1.51.40:
  version "1.51.40"
  resolved "https://registry.yarnpkg.com/ccxt/-/ccxt-1.51.40.tgz#ed27d6fad3ad004f4fe0c719ae02a1dc113e4d39"
  integrity sha512-vViblluNngqhTdwMDXotPv36Xan9iRKYsYSiHXKElWa1SRSLc3OdEvnJ8iViqPQSGnQz1u27xUticFRTy74paQ==

data-uri-to-buffer@^2.0.0:
  version "2.0.2"
  resolved "https://registry.yarnpkg.com/data-uri-to-buffer/-/data-uri-to-buffer-2.0.2.tgz#d296973d5a4897a5dbe31716d118211921f04770"
  integrity sha512-ND9qDTLc6diwj+Xe5cdAgVTbLVdXbtxTJRXRhli8Mowuaan+0EJOtdqJ0QCHNSSPyoXGx9HX2/VMnKeC34AChA==

dotenv@^10.0.0:
  version "10.0.0"
  resolved "https://registry.yarnpkg.com/dotenv/-/dotenv-10.0.0.tgz#3d4227b8fb95f81096cdd2b66653fb2c7085ba81"
  integrity sha512-rlBi9d8jpv9Sf1klPjNfFAuWDjKLwTIJJ/VxtoTwIR6hnZxcEOQCZg2oIL3MWBYw5GpUDKOEnND7LXTbIpQ03Q==

get-source@^2.0.12:
  version "2.0.12"
  resolved "https://registry.yarnpkg.com/get-source/-/get-source-2.0.12.tgz#0b47d57ea1e53ce0d3a69f4f3d277eb8047da944"
  integrity sha512-X5+4+iD+HoSeEED+uwrQ07BOQr0kEDFMVqqpBuI+RaZBpBpHCuXxo70bjar6f0b0u/DQJsJ7ssurpP0V60Az+w==
  dependencies:
    data-uri-to-buffer "^2.0.0"
    source-map "^0.6.1"

ololog@^1.1.175:
  version "1.1.175"
  resolved "https://registry.yarnpkg.com/ololog/-/ololog-1.1.175.tgz#c2f7575666cdf07b828b1faf04acbadf90ae649e"
  integrity sha512-DSPbsvZzLshFiPI1ul7iJDn6wI75goOLyrn8uRB92sPon5LS8J2KlAIkSoHXtRztb2idPjuzq3R1J58hN2qOEA==
  dependencies:
    ansicolor "^1.1.84"
    pipez "^1.1.12"
    printable-characters "^1.0.42"
    stacktracey "^2.1.6"
    string.bullet "^1.0.12"
    string.ify "^1.0.64"

pipez@^1.1.12:
  version "1.1.12"
  resolved "https://registry.yarnpkg.com/pipez/-/pipez-1.1.12.tgz#b359ce5401e935f129fa4a094fcde89afb8436d8"
  integrity sha1-s1nOVAHpNfEp+koJT83omvuENtg=

printable-characters@^1.0.26, printable-characters@^1.0.42:
  version "1.0.42"
  resolved "https://registry.yarnpkg.com/printable-characters/-/printable-characters-1.0.42.tgz#3f18e977a9bd8eb37fcc4ff5659d7be90868b3d8"
  integrity sha1-Pxjpd6m9jrN/zE/1ZZ176Qhos9g=

source-map@^0.6.1:
  version "0.6.1"
  resolved "https://registry.yarnpkg.com/source-map/-/source-map-0.6.1.tgz#74722af32e9614e9c287a8d0bbde48b5e2f1a263"
  integrity sha512-UjgapumWlbMhkBgzT7Ykc5YXUT46F0iKu8SGXq0bcwP5dz/h0Plj6enJqjz1Zbq2l5WaqYnrVbwWOWMyF3F47g==

stacktracey@^2.1.6:
  version "2.1.7"
  resolved "https://registry.yarnpkg.com/stacktracey/-/stacktracey-2.1.7.tgz#face86b232434bd6c3795435b08eef173bba326d"
  integrity sha512-/w8uiORLKmSndIoXcrs09yAfwr34rMpToeXageRKM2a5UhNOLLp1Iag6UP7O0IOYd7zDLNQVOUYHruXmK5dv0w==
  dependencies:
    as-table "^1.0.36"
    get-source "^2.0.12"

string.bullet@^1.0.12:
  version "1.0.12"
  resolved "https://registry.yarnpkg.com/string.bullet/-/string.bullet-1.0.12.tgz#b41fc417850a57e4042bf3cf347b6eee257ee253"
  integrity sha1-tB/EF4UKV+QEK/PPNHtu7iV+4lM=
  dependencies:
    printable-characters "^1.0.26"

string.ify@^1.0.64:
  version "1.0.64"
  resolved "https://registry.yarnpkg.com/string.ify/-/string.ify-1.0.64.tgz#58de9fcc411a26bb61f83bf61a1a756da0966c3b"
  integrity sha512-4Aa5yndnuOhE1GV2W3ht4rQ08XHq46JLXmSOv0jeUWEzqliBvm8lAXvt+66np+J9DkoCZikFzTzjXVLRR0F/Xw==
  dependencies:
    printable-characters "^1.0.42"
    string.bullet "^1.0.12"
